
Microsoft Visual Studio Solution File, Format Version 12.00
# Visual Studio 14
VisualStudioVersion = 14.0.25420.1
MinimumVisualStudioVersion = 10.0.40219.1
Project("{2150E333-8FDC-42A3-9474-1A3956D46DE8}") = "Source", "Source", "{F621D8AC-5C86-4E79-82DE-EACEF55FED93}"
EndProject
Project("{2150E333-8FDC-42A3-9474-1A3956D46DE8}") = "Solution Items", "Solution Items", "{F551A3A3-A4C2-42F5-A98E-E52C6EE69365}"
	ProjectSection(SolutionItems) = preProject
		global.json = global.json
	EndProjectSection
EndProject
Project("{2150E333-8FDC-42A3-9474-1A3956D46DE8}") = "Web", "Web", "{8EF6EA40-34DC-4C79-81A8-0C22F8A7FDDB}"
EndProject
Project("{2150E333-8FDC-42A3-9474-1A3956D46DE8}") = "Data", "Data", "{944993F1-60E9-44A7-AE35-C6C81A002984}"
EndProject
Project("{2150E333-8FDC-42A3-9474-1A3956D46DE8}") = "Services", "Services", "{88ECE416-CCBF-4010-B3FA-F906B730B674}"
EndProject
Project("{8BB2217D-0F2D-49D1-97BC-3654ED321F3B}") = "ForumSystem.Data", "Data\ForumSystem.Data\ForumSystem.Data.xproj", "{E4F615BF-C1AD-4728-B399-A721F94C9D5B}"
EndProject
Project("{8BB2217D-0F2D-49D1-97BC-3654ED321F3B}") = "ForumSystem.Data.Models", "Data\ForumSystem.Data.Models\ForumSystem.Data.Models.xproj", "{F567DB76-A1C0-493E-BD70-577888F6B708}"
EndProject
Project("{8BB2217D-0F2D-49D1-97BC-3654ED321F3B}") = "ForumSystem.Services.Data", "Services\ForumSystem.Services.Data\ForumSystem.Services.Data.xproj", "{34F390D7-03D1-4C5E-A12D-F881AD73DA2D}"
EndProject
Project("{8BB2217D-0F2D-49D1-97BC-3654ED321F3B}") = "ForumSystem.Services.Web", "Services\ForumSystem.Services.Web\ForumSystem.Services.Web.xproj", "{1AE943A7-77BC-42AA-AC3E-3C56C3A487A9}"
EndProject
Project("{8BB2217D-0F2D-49D1-97BC-3654ED321F3B}") = "ForumSystem.Web", "Web\ForumSystem.Web\ForumSystem.Web.xproj", "{33F89712-732C-4800-9051-3D89A2E5A1D9}"
EndProject
Project("{8BB2217D-0F2D-49D1-97BC-3654ED321F3B}") = "ForumSystem.Web.Infrastructure", "Web\ForumSystem.Web.Infrastructure\ForumSystem.Web.Infrastructure.xproj", "{B252B5B8-F5DE-4177-AA81-439AF83CD744}"
EndProject
Global
	GlobalSection(SolutionConfigurationPlatforms) = preSolution
		Debug|Any CPU = Debug|Any CPU
		Release|Any CPU = Release|Any CPU
	EndGlobalSection
	GlobalSection(ProjectConfigurationPlatforms) = postSolution
		{E4F615BF-C1AD-4728-B399-A721F94C9D5B}.Debug|Any CPU.ActiveCfg = Debug|Any CPU
		{E4F615BF-C1AD-4728-B399-A721F94C9D5B}.Debug|Any CPU.Build.0 = Debug|Any CPU
		{E4F615BF-C1AD-4728-B399-A721F94C9D5B}.Release|Any CPU.ActiveCfg = Release|Any CPU
		{E4F615BF-C1AD-4728-B399-A721F94C9D5B}.Release|Any CPU.Build.0 = Release|Any CPU
		{F567DB76-A1C0-493E-BD70-577888F6B708}.Debug|Any CPU.ActiveCfg = Debug|Any CPU
		{F567DB76-A1C0-493E-BD70-577888F6B708}.Debug|Any CPU.Build.0 = Debug|Any CPU
		{F567DB76-A1C0-493E-BD70-577888F6B708}.Release|Any CPU.ActiveCfg = Release|Any CPU
		{F567DB76-A1C0-493E-BD70-577888F6B708}.Release|Any CPU.Build.0 = Release|Any CPU
		{34F390D7-03D1-4C5E-A12D-F881AD73DA2D}.Debug|Any CPU.ActiveCfg = Debug|Any CPU
		{34F390D7-03D1-4C5E-A12D-F881AD73DA2D}.Debug|Any CPU.Build.0 = Debug|Any CPU
		{34F390D7-03D1-4C5E-A12D-F881AD73DA2D}.Release|Any CPU.ActiveCfg = Release|Any CPU
		{34F390D7-03D1-4C5E-A12D-F881AD73DA2D}.Release|Any CPU.Build.0 = Release|Any CPU
		{1AE943A7-77BC-42AA-AC3E-3C56C3A487A9}.Debug|Any CPU.ActiveCfg = Debug|Any CPU
		{1AE943A7-77BC-42AA-AC3E-3C56C3A487A9}.Debug|Any CPU.Build.0 = Debug|Any CPU
		{1AE943A7-77BC-42AA-AC3E-3C56C3A487A9}.Release|Any CPU.ActiveCfg = Release|Any CPU
		{1AE943A7-77BC-42AA-AC3E-3C56C3A487A9}.Release|Any CPU.Build.0 = Release|Any CPU
		{33F89712-732C-4800-9051-3D89A2E5A1D9}.Debug|Any CPU.ActiveCfg = Debug|Any CPU
		{33F89712-732C-4800-9051-3D89A2E5A1D9}.Debug|Any CPU.Build.0 = Debug|Any CPU
		{33F89712-732C-4800-9051-3D89A2E5A1D9}.Release|Any CPU.ActiveCfg = Release|Any CPU
		{33F89712-732C-4800-9051-3D89A2E5A1D9}.Release|Any CPU.Build.0 = Release|Any CPU
		{B252B5B8-F5DE-4177-AA81-439AF83CD744}.Debug|Any CPU.ActiveCfg = Debug|Any CPU
		{B252B5B8-F5DE-4177-AA81-439AF83CD744}.Debug|Any CPU.Build.0 = Debug|Any CPU
		{B252B5B8-F5DE-4177-AA81-439AF83CD744}.Release|Any CPU.ActiveCfg = Release|Any CPU
		{B252B5B8-F5DE-4177-AA81-439AF83CD744}.Release|Any CPU.Build.0 = Release|Any CPU
	EndGlobalSection
	GlobalSection(SolutionProperties) = preSolution
		HideSolutionNode = FALSE
	EndGlobalSection
	GlobalSection(NestedProjects) = preSolution
		{F551A3A3-A4C2-42F5-A98E-E52C6EE69365} = {F621D8AC-5C86-4E79-82DE-EACEF55FED93}
		{8EF6EA40-34DC-4C79-81A8-0C22F8A7FDDB} = {F621D8AC-5C86-4E79-82DE-EACEF55FED93}
		{944993F1-60E9-44A7-AE35-C6C81A002984} = {F621D8AC-5C86-4E79-82DE-EACEF55FED93}
		{88ECE416-CCBF-4010-B3FA-F906B730B674} = {F621D8AC-5C86-4E79-82DE-EACEF55FED93}
		{E4F615BF-C1AD-4728-B399-A721F94C9D5B} = {944993F1-60E9-44A7-AE35-C6C81A002984}
		{F567DB76-A1C0-493E-BD70-577888F6B708} = {944993F1-60E9-44A7-AE35-C6C81A002984}
		{34F390D7-03D1-4C5E-A12D-F881AD73DA2D} = {88ECE416-CCBF-4010-B3FA-F906B730B674}
		{1AE943A7-77BC-42AA-AC3E-3C56C3A487A9} = {88ECE416-CCBF-4010-B3FA-F906B730B674}
		{33F89712-732C-4800-9051-3D89A2E5A1D9} = {8EF6EA40-34DC-4C79-81A8-0C22F8A7FDDB}
		{B252B5B8-F5DE-4177-AA81-439AF83CD744} = {8EF6EA40-34DC-4C79-81A8-0C22F8A7FDDB}
	EndGlobalSection
EndGlobal
